
Microsoft Visual Studio Solution File, Format Version 12.00
# Visual Studio Version 17
VisualStudioVersion = 17.11.35312.102
MinimumVisualStudioVersion = 10.0.40219.1
Project("{FAE04EC0-301F-11D3-BF4B-00C04F79EFBC}") = "ProjectTuDien", "ProjectTuDien\ProjectTuDien.csproj", "{4D3975BF-A22F-4164-84B2-0B5ABD8D8141}"
EndProject
Global
	GlobalSection(SolutionConfigurationPlatforms) = preSolution
		Debug|Any CPU = Debug|Any CPU
		Release|Any CPU = Release|Any CPU
	EndGlobalSection
	GlobalSection(ProjectConfigurationPlatforms) = postSolution
		{4D3975BF-A22F-4164-84B2-0B5ABD8D8141}.Debug|Any CPU.ActiveCfg = Debug|Any CPU
		{4D3975BF-A22F-4164-84B2-0B5ABD8D8141}.Debug|Any CPU.Build.0 = Debug|Any CPU
		{4D3975BF-A22F-4164-84B2-0B5ABD8D8141}.Release|Any CPU.ActiveCfg = Release|Any CPU
		{4D3975BF-A22F-4164-84B2-0B5ABD8D8141}.Release|Any CPU.Build.0 = Release|Any CPU
	EndGlobalSection
	GlobalSection(SolutionProperties) = preSolution
		HideSolutionNode = FALSE
	EndGlobalSection
	GlobalSection(ExtensibilityGlobals) = postSolution
		SolutionGuid = {063BD9E8-E658-464D-8F2A-EE052A27BCED}
	EndGlobalSection
EndGlobal
